
Microsoft Visual Studio Solution File, Format Version 12.00
# Visual Studio Version 17
VisualStudioVersion = 17.2.32630.192
MinimumVisualStudioVersion = 10.0.40219.1
Project("{888888A0-9F3D-457C-B088-3A5042F75D52}") = "GetCDI", "GetCDI\GetCDI.pyproj", "{E67A47E3-6159-4A26-A437-1775111D5389}"
EndProject
Global
	GlobalSection(SolutionConfigurationPlatforms) = preSolution
		Debug|Any CPU = Debug|Any CPU
		Release|Any CPU = Release|Any CPU
	EndGlobalSection
	GlobalSection(ProjectConfigurationPlatforms) = postSolution
		{E67A47E3-6159-4A26-A437-1775111D5389}.Debug|Any CPU.ActiveCfg = Debug|Any CPU
		{E67A47E3-6159-4A26-A437-1775111D5389}.Release|Any CPU.ActiveCfg = Release|Any CPU
	EndGlobalSection
	GlobalSection(SolutionProperties) = preSolution
		HideSolutionNode = FALSE
	EndGlobalSection
	GlobalSection(ExtensibilityGlobals) = postSolution
		SolutionGuid = {529BFBBC-91AA-4E34-BC58-A951808C5D33}
	EndGlobalSection
EndGlobal
